
Microsoft Visual Studio Solution File, Format Version 12.00
# Visual Studio Version 17
VisualStudioVersion = 17.8.34309.116
MinimumVisualStudioVersion = 10.0.40219.1
Project("{FAE04EC0-301F-11D3-BF4B-00C04F79EFBC}") = "PizzafutarProjekt", "PizzafutarProjekt\PizzafutarProjekt.csproj", "{DBE29F71-9673-48A0-A676-CF04A2C7E92F}"
EndProject
Global
	GlobalSection(SolutionConfigurationPlatforms) = preSolution
		Debug|Any CPU = Debug|Any CPU
		Release|Any CPU = Release|Any CPU
	EndGlobalSection
	GlobalSection(ProjectConfigurationPlatforms) = postSolution
		{DBE29F71-9673-48A0-A676-CF04A2C7E92F}.Debug|Any CPU.ActiveCfg = Debug|Any CPU
		{DBE29F71-9673-48A0-A676-CF04A2C7E92F}.Debug|Any CPU.Build.0 = Debug|Any CPU
		{DBE29F71-9673-48A0-A676-CF04A2C7E92F}.Release|Any CPU.ActiveCfg = Release|Any CPU
		{DBE29F71-9673-48A0-A676-CF04A2C7E92F}.Release|Any CPU.Build.0 = Release|Any CPU
	EndGlobalSection
	GlobalSection(SolutionProperties) = preSolution
		HideSolutionNode = FALSE
	EndGlobalSection
	GlobalSection(ExtensibilityGlobals) = postSolution
		SolutionGuid = {070A9D10-8702-4030-8C84-A4334381FE09}
	EndGlobalSection
EndGlobal
