
Microsoft Visual Studio Solution File, Format Version 12.00
# Visual Studio Version 17
VisualStudioVersion = 17.8.34309.116
MinimumVisualStudioVersion = 10.0.40219.1
Project("{FAE04EC0-301F-11D3-BF4B-00C04F79EFBC}") = "Utasszallitok", "Utasszallitok\Utasszallitok.csproj", "{2EE84FFD-DD48-4E11-99B4-815894394CC7}"
EndProject
Global
	GlobalSection(SolutionConfigurationPlatforms) = preSolution
		Debug|Any CPU = Debug|Any CPU
		Release|Any CPU = Release|Any CPU
	EndGlobalSection
	GlobalSection(ProjectConfigurationPlatforms) = postSolution
		{2EE84FFD-DD48-4E11-99B4-815894394CC7}.Debug|Any CPU.ActiveCfg = Debug|Any CPU
		{2EE84FFD-DD48-4E11-99B4-815894394CC7}.Debug|Any CPU.Build.0 = Debug|Any CPU
		{2EE84FFD-DD48-4E11-99B4-815894394CC7}.Release|Any CPU.ActiveCfg = Release|Any CPU
		{2EE84FFD-DD48-4E11-99B4-815894394CC7}.Release|Any CPU.Build.0 = Release|Any CPU
	EndGlobalSection
	GlobalSection(SolutionProperties) = preSolution
		HideSolutionNode = FALSE
	EndGlobalSection
	GlobalSection(ExtensibilityGlobals) = postSolution
		SolutionGuid = {6EEB6A16-459A-42E0-810F-26CB4078DF2B}
	EndGlobalSection
EndGlobal
