
Microsoft Visual Studio Solution File, Format Version 12.00
# Visual Studio Version 17
VisualStudioVersion = 17.9.34616.47
MinimumVisualStudioVersion = 10.0.40219.1
Project("{FAE04EC0-301F-11D3-BF4B-00C04F79EFBC}") = "Fuvar", "Fuvar\Fuvar.csproj", "{6669DB99-4484-43F1-8278-56F4A11F0E0F}"
EndProject
Global
	GlobalSection(SolutionConfigurationPlatforms) = preSolution
		Debug|Any CPU = Debug|Any CPU
		Release|Any CPU = Release|Any CPU
	EndGlobalSection
	GlobalSection(ProjectConfigurationPlatforms) = postSolution
		{6669DB99-4484-43F1-8278-56F4A11F0E0F}.Debug|Any CPU.ActiveCfg = Debug|Any CPU
		{6669DB99-4484-43F1-8278-56F4A11F0E0F}.Debug|Any CPU.Build.0 = Debug|Any CPU
		{6669DB99-4484-43F1-8278-56F4A11F0E0F}.Release|Any CPU.ActiveCfg = Release|Any CPU
		{6669DB99-4484-43F1-8278-56F4A11F0E0F}.Release|Any CPU.Build.0 = Release|Any CPU
	EndGlobalSection
	GlobalSection(SolutionProperties) = preSolution
		HideSolutionNode = FALSE
	EndGlobalSection
	GlobalSection(ExtensibilityGlobals) = postSolution
		SolutionGuid = {A51DB83F-F52B-4241-AF96-C33F99B874D2}
	EndGlobalSection
EndGlobal
